
Microsoft Visual Studio Solution File, Format Version 12.00
# Visual Studio Version 17
VisualStudioVersion = 17.11.35222.181
MinimumVisualStudioVersion = 10.0.40219.1
Project("{FAE04EC0-301F-11D3-BF4B-00C04F79EFBC}") = "WebApplication1", "WebApplication1\WebApplication1.csproj", "{CBB0E25C-7500-4B02-9E1C-72EBD3E6AFEA}"
EndProject
Global
	GlobalSection(SolutionConfigurationPlatforms) = preSolution
		Debug|Any CPU = Debug|Any CPU
		Release|Any CPU = Release|Any CPU
	EndGlobalSection
	GlobalSection(ProjectConfigurationPlatforms) = postSolution
		{CBB0E25C-7500-4B02-9E1C-72EBD3E6AFEA}.Debug|Any CPU.ActiveCfg = Debug|Any CPU
		{CBB0E25C-7500-4B02-9E1C-72EBD3E6AFEA}.Debug|Any CPU.Build.0 = Debug|Any CPU
		{CBB0E25C-7500-4B02-9E1C-72EBD3E6AFEA}.Release|Any CPU.ActiveCfg = Release|Any CPU
		{CBB0E25C-7500-4B02-9E1C-72EBD3E6AFEA}.Release|Any CPU.Build.0 = Release|Any CPU
	EndGlobalSection
	GlobalSection(SolutionProperties) = preSolution
		HideSolutionNode = FALSE
	EndGlobalSection
	GlobalSection(ExtensibilityGlobals) = postSolution
		SolutionGuid = {F27611D7-EBEF-4820-B1C5-7DD63751AA5A}
	EndGlobalSection
EndGlobal
